
Microsoft Visual Studio Solution File, Format Version 12.00
# Visual Studio Version 16
VisualStudioVersion = 16.0.29806.167
MinimumVisualStudioVersion = 10.0.40219.1
Project("{FAE04EC0-301F-11D3-BF4B-00C04F79EFBC}") = "PracticeTask9", "PracticeTask9\PracticeTask9.csproj", "{CD32DC5D-9CA0-4A06-B84D-7AF257779FE4}"
EndProject
Project("{FAE04EC0-301F-11D3-BF4B-00C04F79EFBC}") = "UnitTestProject", "UnitTestProject\UnitTestProject.csproj", "{850556FC-F72C-4F38-B4BD-D55A6D54E078}"
EndProject
Global
	GlobalSection(SolutionConfigurationPlatforms) = preSolution
		Debug|Any CPU = Debug|Any CPU
		Release|Any CPU = Release|Any CPU
	EndGlobalSection
	GlobalSection(ProjectConfigurationPlatforms) = postSolution
		{CD32DC5D-9CA0-4A06-B84D-7AF257779FE4}.Debug|Any CPU.ActiveCfg = Debug|Any CPU
		{CD32DC5D-9CA0-4A06-B84D-7AF257779FE4}.Debug|Any CPU.Build.0 = Debug|Any CPU
		{CD32DC5D-9CA0-4A06-B84D-7AF257779FE4}.Release|Any CPU.ActiveCfg = Release|Any CPU
		{CD32DC5D-9CA0-4A06-B84D-7AF257779FE4}.Release|Any CPU.Build.0 = Release|Any CPU
		{850556FC-F72C-4F38-B4BD-D55A6D54E078}.Debug|Any CPU.ActiveCfg = Debug|Any CPU
		{850556FC-F72C-4F38-B4BD-D55A6D54E078}.Debug|Any CPU.Build.0 = Debug|Any CPU
		{850556FC-F72C-4F38-B4BD-D55A6D54E078}.Release|Any CPU.ActiveCfg = Release|Any CPU
		{850556FC-F72C-4F38-B4BD-D55A6D54E078}.Release|Any CPU.Build.0 = Release|Any CPU
	EndGlobalSection
	GlobalSection(SolutionProperties) = preSolution
		HideSolutionNode = FALSE
	EndGlobalSection
	GlobalSection(ExtensibilityGlobals) = postSolution
		SolutionGuid = {5004ABA4-C2F2-49AD-B746-D4C53BEA32A1}
	EndGlobalSection
EndGlobal
